
Microsoft Visual Studio Solution File, Format Version 12.00
# Visual Studio Version 17
VisualStudioVersion = 17.9.34622.214
MinimumVisualStudioVersion = 10.0.40219.1
Project("{9A19103F-16F7-4668-BE54-9A1E7A4F7556}") = "PoeDun", "PoeDun\PoeDun.csproj", "{24C70C27-1CDB-47C2-B64C-50123EF05EAA}"
EndProject
Global
	GlobalSection(SolutionConfigurationPlatforms) = preSolution
		Debug|Any CPU = Debug|Any CPU
		Release|Any CPU = Release|Any CPU
	EndGlobalSection
	GlobalSection(ProjectConfigurationPlatforms) = postSolution
		{24C70C27-1CDB-47C2-B64C-50123EF05EAA}.Debug|Any CPU.ActiveCfg = Debug|Any CPU
		{24C70C27-1CDB-47C2-B64C-50123EF05EAA}.Debug|Any CPU.Build.0 = Debug|Any CPU
		{24C70C27-1CDB-47C2-B64C-50123EF05EAA}.Release|Any CPU.ActiveCfg = Release|Any CPU
		{24C70C27-1CDB-47C2-B64C-50123EF05EAA}.Release|Any CPU.Build.0 = Release|Any CPU
	EndGlobalSection
	GlobalSection(SolutionProperties) = preSolution
		HideSolutionNode = FALSE
	EndGlobalSection
	GlobalSection(ExtensibilityGlobals) = postSolution
		SolutionGuid = {3A97BB2F-F0F0-4EAD-AC56-1B9A3CE9CAAF}
	EndGlobalSection
EndGlobal
